
Microsoft Visual Studio Solution File, Format Version 12.00
# Visual Studio Version 17
VisualStudioVersion = 17.8.34511.84
MinimumVisualStudioVersion = 10.0.40219.1
Project("{FAE04EC0-301F-11D3-BF4B-00C04F79EFBC}") = "HTTP-Consumer", "HTTP-Consumer.csproj", "{2461AFAF-D29E-4611-AB35-7125289F090F}"
EndProject
Global
	GlobalSection(SolutionConfigurationPlatforms) = preSolution
		Debug|Any CPU = Debug|Any CPU
		Release|Any CPU = Release|Any CPU
	EndGlobalSection
	GlobalSection(ProjectConfigurationPlatforms) = postSolution
		{2461AFAF-D29E-4611-AB35-7125289F090F}.Debug|Any CPU.ActiveCfg = Debug|Any CPU
		{2461AFAF-D29E-4611-AB35-7125289F090F}.Debug|Any CPU.Build.0 = Debug|Any CPU
		{2461AFAF-D29E-4611-AB35-7125289F090F}.Release|Any CPU.ActiveCfg = Release|Any CPU
		{2461AFAF-D29E-4611-AB35-7125289F090F}.Release|Any CPU.Build.0 = Release|Any CPU
	EndGlobalSection
	GlobalSection(SolutionProperties) = preSolution
		HideSolutionNode = FALSE
	EndGlobalSection
	GlobalSection(ExtensibilityGlobals) = postSolution
		SolutionGuid = {870DAD03-2773-494D-9C97-5C53364CAC86}
	EndGlobalSection
EndGlobal
